Microsoft Visual Studio Solution File, Format Version 12.00
# Visual Studio Version 17
VisualStudioVersion = 17.5.2.0
MinimumVisualStudioVersion = 10.0.40219.1
Project("{FAE04EC0-301F-11D3-BF4B-00C04F79EFBC}") = "KH_GodMorgen", "KH_GodMorgen.csproj", "{2921D728-816A-C836-1A98-D55F8E3B3751}"
EndProject
Global
	GlobalSection(SolutionConfigurationPlatforms) = preSolution
		Debug|Any CPU = Debug|Any CPU
		Release|Any CPU = Release|Any CPU
	EndGlobalSection
	GlobalSection(ProjectConfigurationPlatforms) = postSolution
		{2921D728-816A-C836-1A98-D55F8E3B3751}.Debug|Any CPU.ActiveCfg = Debug|Any CPU
		{2921D728-816A-C836-1A98-D55F8E3B3751}.Debug|Any CPU.Build.0 = Debug|Any CPU
		{2921D728-816A-C836-1A98-D55F8E3B3751}.Release|Any CPU.ActiveCfg = Release|Any CPU
		{2921D728-816A-C836-1A98-D55F8E3B3751}.Release|Any CPU.Build.0 = Release|Any CPU
	EndGlobalSection
	GlobalSection(SolutionProperties) = preSolution
		HideSolutionNode = FALSE
	EndGlobalSection
	GlobalSection(ExtensibilityGlobals) = postSolution
		SolutionGuid = {BE6722E7-8F3D-4B07-AB2C-C6B014B5C96D}
	EndGlobalSection
EndGlobal
